
Microsoft Visual Studio Solution File, Format Version 12.00
# Visual Studio 15
VisualStudioVersion = 15.0.28307.421
MinimumVisualStudioVersion = 10.0.40219.1
Project("{8BC9CEB8-8B4A-11D0-8D11-00A0C91BC942}") = "triangle", "triangle\triangle.vcxproj", "{42982E47-4D3A-4F46-A13C-C1D8B86BE8C8}"
EndProject
Global
	GlobalSection(SolutionConfigurationPlatforms) = preSolution
		Debug|x64 = Debug|x64
		Debug|x86 = Debug|x86
		Release|x64 = Release|x64
		Release|x86 = Release|x86
	EndGlobalSection
	GlobalSection(ProjectConfigurationPlatforms) = postSolution
		{42982E47-4D3A-4F46-A13C-C1D8B86BE8C8}.Debug|x64.ActiveCfg = Debug|x64
		{42982E47-4D3A-4F46-A13C-C1D8B86BE8C8}.Debug|x64.Build.0 = Debug|x64
		{42982E47-4D3A-4F46-A13C-C1D8B86BE8C8}.Debug|x86.ActiveCfg = Debug|Win32
		{42982E47-4D3A-4F46-A13C-C1D8B86BE8C8}.Debug|x86.Build.0 = Debug|Win32
		{42982E47-4D3A-4F46-A13C-C1D8B86BE8C8}.Release|x64.ActiveCfg = Release|x64
		{42982E47-4D3A-4F46-A13C-C1D8B86BE8C8}.Release|x64.Build.0 = Release|x64
		{42982E47-4D3A-4F46-A13C-C1D8B86BE8C8}.Release|x86.ActiveCfg = Release|Win32
		{42982E47-4D3A-4F46-A13C-C1D8B86BE8C8}.Release|x86.Build.0 = Release|Win32
	EndGlobalSection
	GlobalSection(SolutionProperties) = preSolution
		HideSolutionNode = FALSE
	EndGlobalSection
	GlobalSection(ExtensibilityGlobals) = postSolution
		SolutionGuid = {C42759BB-B0AF-4470-9BB7-9327B35EC8EB}
	EndGlobalSection
EndGlobal
