
Microsoft Visual Studio Solution File, Format Version 12.00
# Visual Studio 15
VisualStudioVersion = 15.0.28307.645
MinimumVisualStudioVersion = 10.0.40219.1
Project("{8BC9CEB8-8B4A-11D0-8D11-00A0C91BC942}") = "CompareEvenOddIndexOfTwoArray", "CompareEvenOddIndexOfTwoArray\CompareEvenOddIndexOfTwoArray.vcxproj", "{4763A925-72E2-4500-86E6-A4CA404060FF}"
EndProject
Global
	GlobalSection(SolutionConfigurationPlatforms) = preSolution
		Debug|x64 = Debug|x64
		Debug|x86 = Debug|x86
		Release|x64 = Release|x64
		Release|x86 = Release|x86
	EndGlobalSection
	GlobalSection(ProjectConfigurationPlatforms) = postSolution
		{4763A925-72E2-4500-86E6-A4CA404060FF}.Debug|x64.ActiveCfg = Debug|x64
		{4763A925-72E2-4500-86E6-A4CA404060FF}.Debug|x64.Build.0 = Debug|x64
		{4763A925-72E2-4500-86E6-A4CA404060FF}.Debug|x86.ActiveCfg = Debug|Win32
		{4763A925-72E2-4500-86E6-A4CA404060FF}.Debug|x86.Build.0 = Debug|Win32
		{4763A925-72E2-4500-86E6-A4CA404060FF}.Release|x64.ActiveCfg = Release|x64
		{4763A925-72E2-4500-86E6-A4CA404060FF}.Release|x64.Build.0 = Release|x64
		{4763A925-72E2-4500-86E6-A4CA404060FF}.Release|x86.ActiveCfg = Release|Win32
		{4763A925-72E2-4500-86E6-A4CA404060FF}.Release|x86.Build.0 = Release|Win32
	EndGlobalSection
	GlobalSection(SolutionProperties) = preSolution
		HideSolutionNode = FALSE
	EndGlobalSection
	GlobalSection(ExtensibilityGlobals) = postSolution
		SolutionGuid = {ACBB53AB-E61D-46B9-AB1B-E2C4880AB071}
	EndGlobalSection
EndGlobal
