
Microsoft Visual Studio Solution File, Format Version 12.00
# Visual Studio 15
VisualStudioVersion = 15.0.28307.645
MinimumVisualStudioVersion = 10.0.40219.1
Project("{8BC9CEB8-8B4A-11D0-8D11-00A0C91BC942}") = "DeleteAnArrayElement", "DeleteAnArrayElement\DeleteAnArrayElement.vcxproj", "{E30EC2B0-4771-4CAC-8E4D-B4F977FA52D8}"
EndProject
Global
	GlobalSection(SolutionConfigurationPlatforms) = preSolution
		Debug|x64 = Debug|x64
		Debug|x86 = Debug|x86
		Release|x64 = Release|x64
		Release|x86 = Release|x86
	EndGlobalSection
	GlobalSection(ProjectConfigurationPlatforms) = postSolution
		{E30EC2B0-4771-4CAC-8E4D-B4F977FA52D8}.Debug|x64.ActiveCfg = Debug|x64
		{E30EC2B0-4771-4CAC-8E4D-B4F977FA52D8}.Debug|x64.Build.0 = Debug|x64
		{E30EC2B0-4771-4CAC-8E4D-B4F977FA52D8}.Debug|x86.ActiveCfg = Debug|Win32
		{E30EC2B0-4771-4CAC-8E4D-B4F977FA52D8}.Debug|x86.Build.0 = Debug|Win32
		{E30EC2B0-4771-4CAC-8E4D-B4F977FA52D8}.Release|x64.ActiveCfg = Release|x64
		{E30EC2B0-4771-4CAC-8E4D-B4F977FA52D8}.Release|x64.Build.0 = Release|x64
		{E30EC2B0-4771-4CAC-8E4D-B4F977FA52D8}.Release|x86.ActiveCfg = Release|Win32
		{E30EC2B0-4771-4CAC-8E4D-B4F977FA52D8}.Release|x86.Build.0 = Release|Win32
	EndGlobalSection
	GlobalSection(SolutionProperties) = preSolution
		HideSolutionNode = FALSE
	EndGlobalSection
	GlobalSection(ExtensibilityGlobals) = postSolution
		SolutionGuid = {33F6F1AC-B3C4-441F-AB5E-873DE2CB0717}
	EndGlobalSection
EndGlobal
